{
  "nodes": {
    "ananicy-cpp-rules-git-src": {
      "flake": false,
      "locked": {
        "lastModified": 1693546363,
        "narHash": "sha256-BWx2wPTmV/EpDE/nu1y5tdIV+gJCO9/J98IYGToWyKY=",
        "owner": "CachyOS",
        "repo": "ananicy-rules",
        "rev": "df4b3e47120febeb654c9e50f2a14688aa5c5d8c",
        "type": "github"
      },
      "original": {
        "owner": "CachyOS",
        "ref": "master",
        "repo": "ananicy-rules",
        "type": "github"
      }
    },
    "beautyline-icons-git-src": {
      "flake": false,
      "locked": {
        "lastModified": 1690177682,
        "narHash": "sha256-xl4zuO0Q2qXcEre56wpXsZ1lEQSYPoDpPD+z0VsHQ1o=",
        "owner": "garuda-linux%2Fthemes-and-settings%2Fartwork",
        "repo": "beautyline",
        "rev": "aaef8bbd156266b23f3152f65af992d499f5a995",
        "type": "gitlab"
      },
      "original": {
        "owner": "garuda-linux%2Fthemes-and-settings%2Fartwork",
        "repo": "beautyline",
        "type": "gitlab"
      }
    },
    "bytecode-viewer-git-src": {
      "flake": false,
      "locked": {
        "lastModified": 1689899870,
        "narHash": "sha256-DBggGJDJp2P0jJVhyW+lxT+16PXoN9CY4bQzVZPE5wQ=",
        "owner": "Konloch",
        "repo": "bytecode-viewer",
        "rev": "eda6416609c2f2833b17608f6d58f3cd7c574cd9",
        "type": "github"
      },
      "original": {
        "owner": "Konloch",
        "ref": "master",
        "repo": "bytecode-viewer",
        "type": "github"
      }
    },
    "chaotic": {
      "inputs": {
        "ananicy-cpp-rules-git-src": "ananicy-cpp-rules-git-src",
        "beautyline-icons-git-src": "beautyline-icons-git-src",
        "bytecode-viewer-git-src": "bytecode-viewer-git-src",
        "compare-to": "compare-to",
        "dr460nized-kde-theme-git-src": "dr460nized-kde-theme-git-src",
        "gamescope-git-src": "gamescope-git-src",
        "home-manager": "home-manager",
        "input-leap-git-src": "input-leap-git-src",
        "mangohud-git-src": "mangohud-git-src",
        "mesa-git-src": "mesa-git-src",
        "nixpkgs": "nixpkgs",
        "river-git-src": "river-git-src",
        "sway-git-src": "sway-git-src",
        "swaylock-plugin-git-src": "swaylock-plugin-git-src",
        "waynergy-git-src": "waynergy-git-src",
        "wlroots-git-src": "wlroots-git-src",
        "yt-dlp-git-src": "yt-dlp-git-src",
        "yuzu-ea-git-src": "yuzu-ea-git-src"
      },
      "locked": {
        "lastModified": 1693662983,
        "narHash": "sha256-HzsLVrHZ09S4CvDGtYn/Xtd2PG8GdqlaEo6FVWXD85I=",
        "owner": "chaotic-cx",
        "repo": "nyx",
        "rev": "99184a0eebb5aa96d6e62f273d16745477b7b3f3",
        "type": "github"
      },
      "original": {
        "owner": "chaotic-cx",
        "ref": "nyxpkgs-unstable",
        "repo": "nyx",
        "type": "github"
      }
    },
    "compare-to": {
      "locked": {
        "lastModified": 1682262834,
        "narHash": "sha256-kailVn8ZiJ6yaHTLOTDtJKj8MFp/U/ncqYjNUrpryJ8=",
        "owner": "chaotic-cx",
        "repo": "nix-empty-flake",
        "rev": "211c8624d05494ab24993a59e7ddc2fad58305b3",
        "type": "github"
      },
      "original": {
        "owner": "chaotic-cx",
        "repo": "nix-empty-flake",
        "type": "github"
      }
    },
    "dr460nized-kde-theme-git-src": {
      "flake": false,
      "locked": {
        "lastModified": 1692808973,
        "narHash": "sha256-cPzo5C4ALRbutVFpJU5EIFFCa8TUAwXQnCJj5/Lkvkk=",
        "owner": "garuda-linux%2Fthemes-and-settings%2Fsettings",
        "repo": "garuda-dr460nized",
        "rev": "dca8f83d2fd7718b5966aedbb36c8259944010bc",
        "type": "gitlab"
      },
      "original": {
        "owner": "garuda-linux%2Fthemes-and-settings%2Fsettings",
        "ref": "master",
        "repo": "garuda-dr460nized",
        "type": "gitlab"
      }
    },
    "flake-utils": {
      "locked": {
        "lastModified": 1659877975,
        "narHash": "sha256-zllb8aq3YO3h8B/U0/J1WBgAL8EX5yWf5pMj3G0NAmc=",
        "owner": "numtide",
        "repo": "flake-utils",
        "rev": "c0e246b9b83f637f4681389ecabcb2681b4f3af0",
        "type": "github"
      },
      "original": {
        "owner": "numtide",
        "repo": "flake-utils",
        "type": "github"
      }
    },
    "flatpaks": {
      "inputs": {
        "nixpkgs": "nixpkgs_2",
        "utils": "utils"
      },
      "locked": {
        "lastModified": 1692023956,
        "narHash": "sha256-1vvrRyMu0ApJO+e6ow8fy3HP0S5HVCDvzpQyqSEebv4=",
        "owner": "GermanBread",
        "repo": "declarative-flatpak",
        "rev": "b9c8b1fab20ba01ee2dc1da46c832a1e8f914b66",
        "type": "github"
      },
      "original": {
        "owner": "GermanBread",
        "ref": "stable",
        "repo": "declarative-flatpak",
        "type": "github"
      }
    },
    "gamescope-git-src": {
      "flake": false,
      "locked": {
        "lastModified": 1693603617,
        "narHash": "sha256-3WvaQMeelwgNi9R2n6rmhBvhKsLnSFS3qpVIAsZjuBo=",
        "owner": "ValveSoftware",
        "repo": "gamescope",
        "rev": "cf19852ce333fb2a23cc18077b63ed55578d9839",
        "type": "github"
      },
      "original": {
        "owner": "ValveSoftware",
        "ref": "master",
        "repo": "gamescope",
        "type": "github"
      }
    },
    "home-manager": {
      "inputs": {
        "nixpkgs": [
          "chaotic",
          "nixpkgs"
        ]
      },
      "locked": {
        "lastModified": 1693646047,
        "narHash": "sha256-VsuXtCGOhrzp1qb1CSoV/cO+5f+GPtA4J/SFYqqLyfo=",
        "owner": "nix-community",
        "repo": "home-manager",
        "rev": "fae8af43e201a8929ce45a5ea46192bbd1ffff18",
        "type": "github"
      },
      "original": {
        "owner": "nix-community",
        "repo": "home-manager",
        "type": "github"
      }
    },
    "home-manager_2": {
      "inputs": {
        "nixpkgs": [
          "nixpkgs"
        ]
      },
      "locked": {
        "lastModified": 1693646047,
        "narHash": "sha256-VsuXtCGOhrzp1qb1CSoV/cO+5f+GPtA4J/SFYqqLyfo=",
        "owner": "nix-community",
        "repo": "home-manager",
        "rev": "fae8af43e201a8929ce45a5ea46192bbd1ffff18",
        "type": "github"
      },
      "original": {
        "owner": "nix-community",
        "repo": "home-manager",
        "type": "github"
      }
    },
    "input-leap-git-src": {
      "flake": false,
      "locked": {
        "lastModified": 1693612300,
        "narHash": "sha256-zira5nl/JPcneImNRvadWtJDGN8DHXszKgWHV4oEidU=",
        "owner": "input-leap",
        "repo": "input-leap",
        "rev": "4ecedf1d758afbaad8ac0bb0aeed32d5e5bc4777",
        "type": "github"
      },
      "original": {
        "owner": "input-leap",
        "ref": "master",
        "repo": "input-leap",
        "type": "github"
      }
    },
    "mangohud-git-src": {
      "flake": false,
      "locked": {
        "lastModified": 1693481862,
        "narHash": "sha256-/1UNOTXyOwbOQrHb+zj3cdvtv5g4iand8AHRX+1uTRY=",
        "owner": "flightlessmango",
        "repo": "MangoHud",
        "rev": "f66700296b3b34f54571d473e82ac9d5932a759c",
        "type": "github"
      },
      "original": {
        "owner": "flightlessmango",
        "ref": "master",
        "repo": "MangoHud",
        "type": "github"
      }
    },
    "mesa-git-src": {
      "flake": false,
      "locked": {
        "lastModified": 1693555674,
        "narHash": "sha256-71S5mDxLKmaqszy+OikMTludtWqApJ5cUmQ6+nN0k4s=",
        "owner": "chaotic-cx",
        "repo": "mesa-mirror",
        "rev": "51bee677b3691a9b00ac1ba075c2c872e9813abb",
        "type": "github"
      },
      "original": {
        "owner": "chaotic-cx",
        "ref": "main",
        "repo": "mesa-mirror",
        "type": "github"
      }
    },
    "nixgl": {
      "inputs": {
        "flake-utils": "flake-utils",
        "nixpkgs": "nixpkgs_3"
      },
      "locked": {
        "lastModified": 1685908677,
        "narHash": "sha256-E4zUPEUFyVWjVm45zICaHRpfGepfkE9Z2OECV9HXfA4=",
        "owner": "guibou",
        "repo": "nixGL",
        "rev": "489d6b095ab9d289fe11af0219a9ff00fe87c7c5",
        "type": "github"
      },
      "original": {
        "owner": "guibou",
        "repo": "nixGL",
        "type": "github"
      }
    },
    "nixpkgs": {
      "locked": {
        "lastModified": 1693565476,
        "narHash": "sha256-ya00zHt7YbPo3ve/wNZ/6nts61xt7wK/APa6aZAfey0=",
        "owner": "NixOS",
        "repo": "nixpkgs",
        "rev": "aa8aa7e2ea35ce655297e8322dc82bf77a31d04b",
        "type": "github"
      },
      "original": {
        "owner": "NixOS",
        "ref": "nixos-unstable",
        "repo": "nixpkgs",
        "type": "github"
      }
    },
    "nixpkgs_2": {
      "locked": {
        "lastModified": 1687019075,
        "narHash": "sha256-YjB+tp0DPfzct8XmXNW1UAfQp0irIVM7nGcJPiqT61c=",
        "owner": "NixOS",
        "repo": "nixpkgs",
        "rev": "50d2e0780758fcb41cf5e494a51624cbf6c40b20",
        "type": "github"
      },
      "original": {
        "owner": "NixOS",
        "ref": "nixos-22.11",
        "repo": "nixpkgs",
        "type": "github"
      }
    },
    "nixpkgs_3": {
      "locked": {
        "lastModified": 1660551188,
        "narHash": "sha256-a1LARMMYQ8DPx1BgoI/UN4bXe12hhZkCNqdxNi6uS0g=",
        "owner": "nixos",
        "repo": "nixpkgs",
        "rev": "441dc5d512153039f19ef198e662e4f3dbb9fd65",
        "type": "github"
      },
      "original": {
        "owner": "nixos",
        "repo": "nixpkgs",
        "type": "github"
      }
    },
    "nixpkgs_4": {
      "locked": {
        "lastModified": 1693626178,
        "narHash": "sha256-Rpiy6lIOu4zny8tfGuIeN1ji9eSz9nPmm9yBhh/4IOM=",
        "owner": "NixOS",
        "repo": "nixpkgs",
        "rev": "bfb7dfec93f3b5d7274db109f2990bc889861caf",
        "type": "github"
      },
      "original": {
        "owner": "NixOS",
        "ref": "nixpkgs-unstable",
        "repo": "nixpkgs",
        "type": "github"
      }
    },
    "river-git-src": {
      "flake": false,
      "locked": {
        "lastModified": 1689030700,
        "narHash": "sha256-E3Xtv7JeCmafiNmpuS5VuLgh1TDAbibPtMo6A9Pz6EQ=",
        "ref": "refs/heads/master",
        "rev": "c16628c7f57c51d50f2d10a96c265fb0afaddb02",
        "revCount": 1041,
        "submodules": true,
        "type": "git",
        "url": "https://github.com/riverwm/river"
      },
      "original": {
        "submodules": true,
        "type": "git",
        "url": "https://github.com/riverwm/river"
      }
    },
    "root": {
      "inputs": {
        "chaotic": "chaotic",
        "flatpaks": "flatpaks",
        "home-manager": "home-manager_2",
        "nixgl": "nixgl",
        "nixpkgs": "nixpkgs_4"
      }
    },
    "sway-git-src": {
      "flake": false,
      "locked": {
        "lastModified": 1693407445,
        "narHash": "sha256-JK/qBwcIRPrjWsnIlpF6sNsO4GUkCsq1JNa/0XGi//o=",
        "owner": "swaywm",
        "repo": "sway",
        "rev": "89f85312687b7fd1777c936e169e6400cee0a4b4",
        "type": "github"
      },
      "original": {
        "owner": "swaywm",
        "ref": "master",
        "repo": "sway",
        "type": "github"
      }
    },
    "swaylock-plugin-git-src": {
      "flake": false,
      "locked": {
        "lastModified": 1691448257,
        "narHash": "sha256-OZ8ntacCZw3OwFWBOUQbn7R/ptMRcX+eLvgEcW6ERBQ=",
        "owner": "mstoeckl",
        "repo": "swaylock-plugin",
        "rev": "6d488952e37cf730c449970c808b2b286266bf57",
        "type": "github"
      },
      "original": {
        "owner": "mstoeckl",
        "ref": "main",
        "repo": "swaylock-plugin",
        "type": "github"
      }
    },
    "systems": {
      "locked": {
        "lastModified": 1681028828,
        "narHash": "sha256-Vy1rq5AaRuLzOxct8nz4T6wlgyUR7zLU309k9mBC768=",
        "owner": "nix-systems",
        "repo": "default",
        "rev": "da67096a3b9bf56a91d16901293e51ba5b49a27e",
        "type": "github"
      },
      "original": {
        "owner": "nix-systems",
        "repo": "default",
        "type": "github"
      }
    },
    "utils": {
      "inputs": {
        "systems": "systems"
      },
      "locked": {
        "lastModified": 1687171271,
        "narHash": "sha256-BJlq+ozK2B1sJDQXS3tzJM5a+oVZmi1q0FlBK/Xqv7M=",
        "owner": "numtide",
        "repo": "flake-utils",
        "rev": "abfb11bd1aec8ced1c9bb9adfe68018230f4fb3c",
        "type": "github"
      },
      "original": {
        "owner": "numtide",
        "repo": "flake-utils",
        "type": "github"
      }
    },
    "waynergy-git-src": {
      "flake": false,
      "locked": {
        "lastModified": 1693186990,
        "narHash": "sha256-NXUHf+rMg0yCw5HXWK1UYz0Yw0ocb42VvyH1Ae8SZzM=",
        "owner": "r-c-f",
        "repo": "waynergy",
        "rev": "7691a33be9773f0991e779d9ea9260d5b0812a1f",
        "type": "github"
      },
      "original": {
        "owner": "r-c-f",
        "ref": "master",
        "repo": "waynergy",
        "type": "github"
      }
    },
    "wlroots-git-src": {
      "flake": false,
      "locked": {
        "lastModified": 1693495735,
        "narHash": "sha256-Kkgx6KyJFtQEE4X+bgXlXAaSPnR9dWXGyw9ovf7wUlw=",
        "ref": "master",
        "rev": "2926acf60d80961597fa55ab68c3d15d7bf1980d",
        "revCount": 6572,
        "type": "git",
        "url": "https://gitlab.freedesktop.org/wlroots/wlroots.git"
      },
      "original": {
        "ref": "master",
        "type": "git",
        "url": "https://gitlab.freedesktop.org/wlroots/wlroots.git"
      }
    },
    "yt-dlp-git-src": {
      "flake": false,
      "locked": {
        "lastModified": 1693514932,
        "narHash": "sha256-wCj2kFkJLGbVIQ5obvA0Q++bSHbwFD/BvdGXsNGR6Zw=",
        "owner": "yt-dlp",
        "repo": "yt-dlp",
        "rev": "7237c8dca0590aa7438ade93f927df88c9381ec7",
        "type": "github"
      },
      "original": {
        "owner": "yt-dlp",
        "ref": "master",
        "repo": "yt-dlp",
        "type": "github"
      }
    },
    "yuzu-ea-git-src": {
      "flake": false,
      "locked": {
        "lastModified": 1693632007,
        "narHash": "sha256-nCPYkS6gEMYfKEYbq/ePGYd29hJElfIg+o+DORc2s+4=",
        "owner": "pineappleEA",
        "repo": "pineapple-src",
        "rev": "ea70de7404415bfdf4e0d046e2487815b7cb169c",
        "type": "github"
      },
      "original": {
        "owner": "pineappleEA",
        "ref": "main",
        "repo": "pineapple-src",
        "type": "github"
      }
    }
  },
  "root": "root",
  "version": 7
}
