{
  "nodes": {
    "chaotic": {
      "inputs": {
        "compare-to": "compare-to",
        "home-manager": "home-manager",
        "nixpkgs": "nixpkgs"
      },
      "locked": {
        "lastModified": 1694454613,
        "narHash": "sha256-Zu9Cvwcc5Ghz6z9szxbQ7WvZ7OTcO5wLl0zkNNRKXjs=",
        "owner": "chaotic-cx",
        "repo": "nyx",
        "rev": "3823a00bcc4d4347f8c9d5fe045e79441da7fac5",
        "type": "github"
      },
      "original": {
        "owner": "chaotic-cx",
        "ref": "nyxpkgs-unstable",
        "repo": "nyx",
        "type": "github"
      }
    },
    "compare-to": {
      "locked": {
        "lastModified": 1682262834,
        "narHash": "sha256-kailVn8ZiJ6yaHTLOTDtJKj8MFp/U/ncqYjNUrpryJ8=",
        "owner": "chaotic-cx",
        "repo": "nix-empty-flake",
        "rev": "211c8624d05494ab24993a59e7ddc2fad58305b3",
        "type": "github"
      },
      "original": {
        "owner": "chaotic-cx",
        "repo": "nix-empty-flake",
        "type": "github"
      }
    },
    "flake-utils": {
      "locked": {
        "lastModified": 1659877975,
        "narHash": "sha256-zllb8aq3YO3h8B/U0/J1WBgAL8EX5yWf5pMj3G0NAmc=",
        "owner": "numtide",
        "repo": "flake-utils",
        "rev": "c0e246b9b83f637f4681389ecabcb2681b4f3af0",
        "type": "github"
      },
      "original": {
        "owner": "numtide",
        "repo": "flake-utils",
        "type": "github"
      }
    },
    "flatpaks": {
      "inputs": {
        "nixpkgs": "nixpkgs_2",
        "utils": "utils"
      },
      "locked": {
        "lastModified": 1692023956,
        "narHash": "sha256-1vvrRyMu0ApJO+e6ow8fy3HP0S5HVCDvzpQyqSEebv4=",
        "owner": "GermanBread",
        "repo": "declarative-flatpak",
        "rev": "b9c8b1fab20ba01ee2dc1da46c832a1e8f914b66",
        "type": "github"
      },
      "original": {
        "owner": "GermanBread",
        "ref": "stable",
        "repo": "declarative-flatpak",
        "type": "github"
      }
    },
    "home-manager": {
      "inputs": {
        "nixpkgs": [
          "chaotic",
          "nixpkgs"
        ]
      },
      "locked": {
        "lastModified": 1693972774,
        "narHash": "sha256-Dt9UZs0/DaIex598quYRYFuGabUbvFdNrHuvGc6HjBc=",
        "owner": "nix-community",
        "repo": "home-manager",
        "rev": "b22d7bab30076bbb73744867d6c5bf7d6380570c",
        "type": "github"
      },
      "original": {
        "owner": "nix-community",
        "repo": "home-manager",
        "type": "github"
      }
    },
    "home-manager_2": {
      "inputs": {
        "nixpkgs": [
          "nixpkgs"
        ]
      },
      "locked": {
        "lastModified": 1694469544,
        "narHash": "sha256-eqZng5dZnAUyb7xXyFk5z871GY/++KVv3Gyld5mVh20=",
        "owner": "nix-community",
        "repo": "home-manager",
        "rev": "5171f5ef654425e09d9c2100f856d887da595437",
        "type": "github"
      },
      "original": {
        "owner": "nix-community",
        "repo": "home-manager",
        "type": "github"
      }
    },
    "nixgl": {
      "inputs": {
        "flake-utils": "flake-utils",
        "nixpkgs": "nixpkgs_3"
      },
      "locked": {
        "lastModified": 1685908677,
        "narHash": "sha256-E4zUPEUFyVWjVm45zICaHRpfGepfkE9Z2OECV9HXfA4=",
        "owner": "guibou",
        "repo": "nixGL",
        "rev": "489d6b095ab9d289fe11af0219a9ff00fe87c7c5",
        "type": "github"
      },
      "original": {
        "owner": "guibou",
        "repo": "nixGL",
        "type": "github"
      }
    },
    "nixpkgs": {
      "locked": {
        "lastModified": 1694183432,
        "narHash": "sha256-YyPGNapgZNNj51ylQMw9lAgvxtM2ai1HZVUu3GS8Fng=",
        "owner": "NixOS",
        "repo": "nixpkgs",
        "rev": "db9208ab987cdeeedf78ad9b4cf3c55f5ebd269b",
        "type": "github"
      },
      "original": {
        "owner": "NixOS",
        "ref": "nixos-unstable",
        "repo": "nixpkgs",
        "type": "github"
      }
    },
    "nixpkgs_2": {
      "locked": {
        "lastModified": 1687019075,
        "narHash": "sha256-YjB+tp0DPfzct8XmXNW1UAfQp0irIVM7nGcJPiqT61c=",
        "owner": "NixOS",
        "repo": "nixpkgs",
        "rev": "50d2e0780758fcb41cf5e494a51624cbf6c40b20",
        "type": "github"
      },
      "original": {
        "owner": "NixOS",
        "ref": "nixos-22.11",
        "repo": "nixpkgs",
        "type": "github"
      }
    },
    "nixpkgs_3": {
      "locked": {
        "lastModified": 1660551188,
        "narHash": "sha256-a1LARMMYQ8DPx1BgoI/UN4bXe12hhZkCNqdxNi6uS0g=",
        "owner": "nixos",
        "repo": "nixpkgs",
        "rev": "441dc5d512153039f19ef198e662e4f3dbb9fd65",
        "type": "github"
      },
      "original": {
        "owner": "nixos",
        "repo": "nixpkgs",
        "type": "github"
      }
    },
    "nixpkgs_4": {
      "locked": {
        "lastModified": 1694343207,
        "narHash": "sha256-jWi7OwFxU5Owi4k2JmiL1sa/OuBCQtpaAesuj5LXC8w=",
        "owner": "NixOS",
        "repo": "nixpkgs",
        "rev": "78058d810644f5ed276804ce7ea9e82d92bee293",
        "type": "github"
      },
      "original": {
        "owner": "NixOS",
        "ref": "nixpkgs-unstable",
        "repo": "nixpkgs",
        "type": "github"
      }
    },
    "root": {
      "inputs": {
        "chaotic": "chaotic",
        "flatpaks": "flatpaks",
        "home-manager": "home-manager_2",
        "nixgl": "nixgl",
        "nixpkgs": "nixpkgs_4"
      }
    },
    "systems": {
      "locked": {
        "lastModified": 1681028828,
        "narHash": "sha256-Vy1rq5AaRuLzOxct8nz4T6wlgyUR7zLU309k9mBC768=",
        "owner": "nix-systems",
        "repo": "default",
        "rev": "da67096a3b9bf56a91d16901293e51ba5b49a27e",
        "type": "github"
      },
      "original": {
        "owner": "nix-systems",
        "repo": "default",
        "type": "github"
      }
    },
    "utils": {
      "inputs": {
        "systems": "systems"
      },
      "locked": {
        "lastModified": 1687171271,
        "narHash": "sha256-BJlq+ozK2B1sJDQXS3tzJM5a+oVZmi1q0FlBK/Xqv7M=",
        "owner": "numtide",
        "repo": "flake-utils",
        "rev": "abfb11bd1aec8ced1c9bb9adfe68018230f4fb3c",
        "type": "github"
      },
      "original": {
        "owner": "numtide",
        "repo": "flake-utils",
        "type": "github"
      }
    }
  },
  "root": "root",
  "version": 7
}
